
Microsoft Visual Studio Solution File, Format Version 12.00
# Visual Studio Version 16
VisualStudioVersion = 16.0.29503.13
MinimumVisualStudioVersion = 10.0.40219.1
Project("{F184B08F-C81C-45F6-A57F-5ABD9991F28F}") = "Sudoku_Solver", "Sudoku_Solver\Sudoku_Solver.vbproj", "{F5CAB2AC-2161-4E97-A76F-AAFB3B89AB93}"
EndProject
Global
	GlobalSection(SolutionConfigurationPlatforms) = preSolution
		Debug|Any CPU = Debug|Any CPU
		Release|Any CPU = Release|Any CPU
	EndGlobalSection
	GlobalSection(ProjectConfigurationPlatforms) = postSolution
		{F5CAB2AC-2161-4E97-A76F-AAFB3B89AB93}.Debug|Any CPU.ActiveCfg = Debug|Any CPU
		{F5CAB2AC-2161-4E97-A76F-AAFB3B89AB93}.Debug|Any CPU.Build.0 = Debug|Any CPU
		{F5CAB2AC-2161-4E97-A76F-AAFB3B89AB93}.Release|Any CPU.ActiveCfg = Release|Any CPU
		{F5CAB2AC-2161-4E97-A76F-AAFB3B89AB93}.Release|Any CPU.Build.0 = Release|Any CPU
	EndGlobalSection
	GlobalSection(SolutionProperties) = preSolution
		HideSolutionNode = FALSE
	EndGlobalSection
	GlobalSection(ExtensibilityGlobals) = postSolution
		SolutionGuid = {9BE0F5D2-27D1-460C-8DF1-B9FB7D89EB73}
	EndGlobalSection
EndGlobal
